
Microsoft Visual Studio Solution File, Format Version 12.00
# Visual Studio Version 16
VisualStudioVersion = 16.0.33529.622
MinimumVisualStudioVersion = 10.0.40219.1
Project("{FAE04EC0-301F-11D3-BF4B-00C04F79EFBC}") = "SchefflerLab_Project", "SchefflerLab_Project\SchefflerLab_Project.csproj", "{6242BDA4-D4B8-4FCE-A12C-A5CE0483A8FF}"
EndProject
Global
	GlobalSection(SolutionConfigurationPlatforms) = preSolution
		Debug|Any CPU = Debug|Any CPU
		Release|Any CPU = Release|Any CPU
	EndGlobalSection
	GlobalSection(ProjectConfigurationPlatforms) = postSolution
		{6242BDA4-D4B8-4FCE-A12C-A5CE0483A8FF}.Debug|Any CPU.ActiveCfg = Debug|Any CPU
		{6242BDA4-D4B8-4FCE-A12C-A5CE0483A8FF}.Debug|Any CPU.Build.0 = Debug|Any CPU
		{6242BDA4-D4B8-4FCE-A12C-A5CE0483A8FF}.Release|Any CPU.ActiveCfg = Release|Any CPU
		{6242BDA4-D4B8-4FCE-A12C-A5CE0483A8FF}.Release|Any CPU.Build.0 = Release|Any CPU
	EndGlobalSection
	GlobalSection(SolutionProperties) = preSolution
		HideSolutionNode = FALSE
	EndGlobalSection
	GlobalSection(ExtensibilityGlobals) = postSolution
		SolutionGuid = {F0E31879-DBCE-47BC-BFBA-7D3DCE356185}
	EndGlobalSection
EndGlobal
